
Microsoft Visual Studio Solution File, Format Version 12.00
# Visual Studio Version 16
VisualStudioVersion = 16.0.31911.196
MinimumVisualStudioVersion = 10.0.40219.1
Project("{FAE04EC0-301F-11D3-BF4B-00C04F79EFBC}") = "WFATasarımOrnegi", "WFATasarımOrnegi.csproj", "{4312823E-0B4A-46B2-9F93-0C4482CAECAC}"
EndProject
Global
	GlobalSection(SolutionConfigurationPlatforms) = preSolution
		Debug|Any CPU = Debug|Any CPU
		Release|Any CPU = Release|Any CPU
	EndGlobalSection
	GlobalSection(ProjectConfigurationPlatforms) = postSolution
		{4312823E-0B4A-46B2-9F93-0C4482CAECAC}.Debug|Any CPU.ActiveCfg = Debug|Any CPU
		{4312823E-0B4A-46B2-9F93-0C4482CAECAC}.Debug|Any CPU.Build.0 = Debug|Any CPU
		{4312823E-0B4A-46B2-9F93-0C4482CAECAC}.Release|Any CPU.ActiveCfg = Release|Any CPU
		{4312823E-0B4A-46B2-9F93-0C4482CAECAC}.Release|Any CPU.Build.0 = Release|Any CPU
	EndGlobalSection
	GlobalSection(SolutionProperties) = preSolution
		HideSolutionNode = FALSE
	EndGlobalSection
	GlobalSection(ExtensibilityGlobals) = postSolution
		SolutionGuid = {FB0A81EB-9327-47C5-9153-2CB01BF629FE}
	EndGlobalSection
EndGlobal
